
Microsoft Visual Studio Solution File, Format Version 12.00
# Visual Studio Version 17
VisualStudioVersion = 17.1.32421.90
MinimumVisualStudioVersion = 10.0.40219.1
Project("{FAE04EC0-301F-11D3-BF4B-00C04F79EFBC}") = "Travazap", "Travazap\Travazap.csproj", "{65F14C6F-46FD-4846-8B96-020C4889C6BE}"
EndProject
Global
	GlobalSection(SolutionConfigurationPlatforms) = preSolution
		Debug|Any CPU = Debug|Any CPU
		Release|Any CPU = Release|Any CPU
	EndGlobalSection
	GlobalSection(ProjectConfigurationPlatforms) = postSolution
		{65F14C6F-46FD-4846-8B96-020C4889C6BE}.Debug|Any CPU.ActiveCfg = Debug|Any CPU
		{65F14C6F-46FD-4846-8B96-020C4889C6BE}.Debug|Any CPU.Build.0 = Debug|Any CPU
		{65F14C6F-46FD-4846-8B96-020C4889C6BE}.Release|Any CPU.ActiveCfg = Release|Any CPU
		{65F14C6F-46FD-4846-8B96-020C4889C6BE}.Release|Any CPU.Build.0 = Release|Any CPU
	EndGlobalSection
	GlobalSection(SolutionProperties) = preSolution
		HideSolutionNode = FALSE
	EndGlobalSection
	GlobalSection(ExtensibilityGlobals) = postSolution
		SolutionGuid = {734227D2-CF48-4D96-AAD4-839A51E34CE4}
	EndGlobalSection
EndGlobal
